// !$*UTF8*$!
{
	archiveVersion = 1;
	classes = {
	};
	objectVersion = 56;
	objects = {

/* Begin PBXBuildFile section */
		3A9755422BCD448F00C510EB /* AppDelegate.swift in Sources */ = {isa = PBXBuildFile; fileRef = 3A9755412BCD448F00C510EB /* AppDelegate.swift */; };
		3A9755442BCD448F00C510EB /* SceneDelegate.swift in Sources */ = {isa = PBXBuildFile; fileRef = 3A9755432BCD448F00C510EB /* SceneDelegate.swift */; };
		3A97554B2BCD449000C510EB /* Assets.xcassets in Resources */ = {isa = PBXBuildFile; fileRef = 3A97554A2BCD449000C510EB /* Assets.xcassets */; };
		3A97554E2BCD449000C510EB /* Base in Resources */ = {isa = PBXBuildFile; fileRef = 3A97554D2BCD449000C510EB /* Base */; };
		3ABC47DA2BCE9A9700848D9B /* ProductListingViewController.swift in Sources */ = {isa = PBXBuildFile; fileRef = 3ABC47D92BCE9A9700848D9B /* ProductListingViewController.swift */; };
		3ABC47DC2BCE9AA300848D9B /* ProductDetailViewController.swift in Sources */ = {isa = PBXBuildFile; fileRef = 3ABC47DB2BCE9AA300848D9B /* ProductDetailViewController.swift */; };
		3ABC47DE2BCE9AAA00848D9B /* ShoppingCartViewController.swift in Sources */ = {isa = PBXBuildFile; fileRef = 3ABC47DD2BCE9AAA00848D9B /* ShoppingCartViewController.swift */; };
		3ABC47E02BCE9CE600848D9B /* ProductListingPresenter.swift in Sources */ = {isa = PBXBuildFile; fileRef = 3ABC47DF2BCE9CE600848D9B /* ProductListingPresenter.swift */; };
		3ABC47E22BCE9D0F00848D9B /* ProductListingInteractor.swift in Sources */ = {isa = PBXBuildFile; fileRef = 3ABC47E12BCE9D0F00848D9B /* ProductListingInteractor.swift */; };
		3ABC47E42BCE9D2100848D9B /* ProductListingEntity.swift in Sources */ = {isa = PBXBuildFile; fileRef = 3ABC47E32BCE9D2100848D9B /* ProductListingEntity.swift */; };
		3ABC47E62BCE9D2800848D9B /* ProductListingRouter.swift in Sources */ = {isa = PBXBuildFile; fileRef = 3ABC47E52BCE9D2800848D9B /* ProductListingRouter.swift */; };
		3ABC47E92BCEA0E100848D9B /* UIColor+Extension.swift in Sources */ = {isa = PBXBuildFile; fileRef = 3ABC47E82BCEA0E100848D9B /* UIColor+Extension.swift */; };
		3ABC47EB2BCEAC3400848D9B /* UIFont+Extension.swift in Sources */ = {isa = PBXBuildFile; fileRef = 3ABC47EA2BCEAC3400848D9B /* UIFont+Extension.swift */; };
		3ABC47ED2BCEAD1800848D9B /* OpenSans-Bold.ttf in Resources */ = {isa = PBXBuildFile; fileRef = 3ABC47EC2BCEAD1800848D9B /* OpenSans-Bold.ttf */; };
		3ABD076C2BD011ED004E4FCC /* HTTPStatus.swift in Sources */ = {isa = PBXBuildFile; fileRef = 3ABD076B2BD011ED004E4FCC /* HTTPStatus.swift */; };
		3ABD076E2BD0120A004E4FCC /* RequestObject.swift in Sources */ = {isa = PBXBuildFile; fileRef = 3ABD076D2BD0120A004E4FCC /* RequestObject.swift */; };
		3ABD07702BD0121C004E4FCC /* ErrorResponse.swift in Sources */ = {isa = PBXBuildFile; fileRef = 3ABD076F2BD0121C004E4FCC /* ErrorResponse.swift */; };
		3ABD07722BD01284004E4FCC /* GetirError.swift in Sources */ = {isa = PBXBuildFile; fileRef = 3ABD07712BD01284004E4FCC /* GetirError.swift */; };
		3ABD07782BD01302004E4FCC /* NetworkLoader.swift in Sources */ = {isa = PBXBuildFile; fileRef = 3ABD07772BD01302004E4FCC /* NetworkLoader.swift */; };
		3ABD077A2BD01334004E4FCC /* URLSessionProtocol.swift in Sources */ = {isa = PBXBuildFile; fileRef = 3ABD07792BD01334004E4FCC /* URLSessionProtocol.swift */; };
		3ABD077C2BD01344004E4FCC /* NetworkLoaderProvider.swift in Sources */ = {isa = PBXBuildFile; fileRef = 3ABD077B2BD01344004E4FCC /* NetworkLoaderProvider.swift */; };
		3ABD077E2BD01356004E4FCC /* BaseServiceProtocol.swift in Sources */ = {isa = PBXBuildFile; fileRef = 3ABD077D2BD01356004E4FCC /* BaseServiceProtocol.swift */; };
		3ABD07812BD013F3004E4FCC /* TargetEndpointProtocol.swift in Sources */ = {isa = PBXBuildFile; fileRef = 3ABD07802BD013F3004E4FCC /* TargetEndpointProtocol.swift */; };
		3ABD07842BD01458004E4FCC /* BaseEndpoint.swift in Sources */ = {isa = PBXBuildFile; fileRef = 3ABD07832BD01458004E4FCC /* BaseEndpoint.swift */; };
		3ABD07872BD0150A004E4FCC /* Configuration.swift in Sources */ = {isa = PBXBuildFile; fileRef = 3ABD07862BD0150A004E4FCC /* Configuration.swift */; };
		3ABD078E2BD01851004E4FCC /* ProductsEndpoint.swift in Sources */ = {isa = PBXBuildFile; fileRef = 3ABD078D2BD01851004E4FCC /* ProductsEndpoint.swift */; };
		3ABD07902BD01870004E4FCC /* ProductsService.swift in Sources */ = {isa = PBXBuildFile; fileRef = 3ABD078F2BD01870004E4FCC /* ProductsService.swift */; };
		3ABD07922BD01B35004E4FCC /* SuggestedProductsService.swift in Sources */ = {isa = PBXBuildFile; fileRef = 3ABD07912BD01B35004E4FCC /* SuggestedProductsService.swift */; };
		3ABD07942BD01B77004E4FCC /* SuggestedProductsEndpoint.swift in Sources */ = {isa = PBXBuildFile; fileRef = 3ABD07932BD01B77004E4FCC /* SuggestedProductsEndpoint.swift */; };
/* End PBXBuildFile section */

/* Begin PBXFileReference section */
		3A97553E2BCD448F00C510EB /* GetirShoppingApp.app */ = {isa = PBXFileReference; explicitFileType = wrapper.application; includeInIndex = 0; path = GetirShoppingApp.app; sourceTree = BUILT_PRODUCTS_DIR; };
		3A9755412BCD448F00C510EB /* AppDelegate.swift */ = {isa = PBXFileReference; lastKnownFileType = sourcecode.swift; path = AppDelegate.swift; sourceTree = "<group>"; };
		3A9755432BCD448F00C510EB /* SceneDelegate.swift */ = {isa = PBXFileReference; lastKnownFileType = sourcecode.swift; path = SceneDelegate.swift; sourceTree = "<group>"; };
		3A97554A2BCD449000C510EB /* Assets.xcassets */ = {isa = PBXFileReference; lastKnownFileType = folder.assetcatalog; path = Assets.xcassets; sourceTree = "<group>"; };
		3A97554D2BCD449000C510EB /* Base */ = {isa = PBXFileReference; lastKnownFileType = file.storyboard; name = Base; path = Base.lproj/LaunchScreen.storyboard; sourceTree = "<group>"; };
		3A97554F2BCD449000C510EB /* Info.plist */ = {isa = PBXFileReference; lastKnownFileType = text.plist.xml; path = Info.plist; sourceTree = "<group>"; };
		3ABC47D92BCE9A9700848D9B /* ProductListingViewController.swift */ = {isa = PBXFileReference; lastKnownFileType = sourcecode.swift; path = ProductListingViewController.swift; sourceTree = "<group>"; };
		3ABC47DB2BCE9AA300848D9B /* ProductDetailViewController.swift */ = {isa = PBXFileReference; lastKnownFileType = sourcecode.swift; path = ProductDetailViewController.swift; sourceTree = "<group>"; };
		3ABC47DD2BCE9AAA00848D9B /* ShoppingCartViewController.swift */ = {isa = PBXFileReference; lastKnownFileType = sourcecode.swift; path = ShoppingCartViewController.swift; sourceTree = "<group>"; };
		3ABC47DF2BCE9CE600848D9B /* ProductListingPresenter.swift */ = {isa = PBXFileReference; lastKnownFileType = sourcecode.swift; path = ProductListingPresenter.swift; sourceTree = "<group>"; };
		3ABC47E12BCE9D0F00848D9B /* ProductListingInteractor.swift */ = {isa = PBXFileReference; lastKnownFileType = sourcecode.swift; path = ProductListingInteractor.swift; sourceTree = "<group>"; };
		3ABC47E32BCE9D2100848D9B /* ProductListingEntity.swift */ = {isa = PBXFileReference; lastKnownFileType = sourcecode.swift; path = ProductListingEntity.swift; sourceTree = "<group>"; };
		3ABC47E52BCE9D2800848D9B /* ProductListingRouter.swift */ = {isa = PBXFileReference; lastKnownFileType = sourcecode.swift; path = ProductListingRouter.swift; sourceTree = "<group>"; };
		3ABC47E82BCEA0E100848D9B /* UIColor+Extension.swift */ = {isa = PBXFileReference; lastKnownFileType = sourcecode.swift; path = "UIColor+Extension.swift"; sourceTree = "<group>"; };
		3ABC47EA2BCEAC3400848D9B /* UIFont+Extension.swift */ = {isa = PBXFileReference; lastKnownFileType = sourcecode.swift; path = "UIFont+Extension.swift"; sourceTree = "<group>"; };
		3ABC47EC2BCEAD1800848D9B /* OpenSans-Bold.ttf */ = {isa = PBXFileReference; lastKnownFileType = file; path = "OpenSans-Bold.ttf"; sourceTree = "<group>"; };
		3ABD076B2BD011ED004E4FCC /* HTTPStatus.swift */ = {isa = PBXFileReference; lastKnownFileType = sourcecode.swift; path = HTTPStatus.swift; sourceTree = "<group>"; };
		3ABD076D2BD0120A004E4FCC /* RequestObject.swift */ = {isa = PBXFileReference; lastKnownFileType = sourcecode.swift; path = RequestObject.swift; sourceTree = "<group>"; };
		3ABD076F2BD0121C004E4FCC /* ErrorResponse.swift */ = {isa = PBXFileReference; lastKnownFileType = sourcecode.swift; path = ErrorResponse.swift; sourceTree = "<group>"; };
		3ABD07712BD01284004E4FCC /* GetirError.swift */ = {isa = PBXFileReference; lastKnownFileType = sourcecode.swift; path = GetirError.swift; sourceTree = "<group>"; };
		3ABD07772BD01302004E4FCC /* NetworkLoader.swift */ = {isa = PBXFileReference; lastKnownFileType = sourcecode.swift; path = NetworkLoader.swift; sourceTree = "<group>"; };
		3ABD07792BD01334004E4FCC /* URLSessionProtocol.swift */ = {isa = PBXFileReference; lastKnownFileType = sourcecode.swift; path = URLSessionProtocol.swift; sourceTree = "<group>"; };
		3ABD077B2BD01344004E4FCC /* NetworkLoaderProvider.swift */ = {isa = PBXFileReference; lastKnownFileType = sourcecode.swift; path = NetworkLoaderProvider.swift; sourceTree = "<group>"; };
		3ABD077D2BD01356004E4FCC /* BaseServiceProtocol.swift */ = {isa = PBXFileReference; lastKnownFileType = sourcecode.swift; path = BaseServiceProtocol.swift; sourceTree = "<group>"; };
		3ABD07802BD013F3004E4FCC /* TargetEndpointProtocol.swift */ = {isa = PBXFileReference; lastKnownFileType = sourcecode.swift; path = TargetEndpointProtocol.swift; sourceTree = "<group>"; };
		3ABD07832BD01458004E4FCC /* BaseEndpoint.swift */ = {isa = PBXFileReference; lastKnownFileType = sourcecode.swift; path = BaseEndpoint.swift; sourceTree = "<group>"; };
		3ABD07862BD0150A004E4FCC /* Configuration.swift */ = {isa = PBXFileReference; lastKnownFileType = sourcecode.swift; path = Configuration.swift; sourceTree = "<group>"; };
		3ABD078D2BD01851004E4FCC /* ProductsEndpoint.swift */ = {isa = PBXFileReference; lastKnownFileType = sourcecode.swift; path = ProductsEndpoint.swift; sourceTree = "<group>"; };
		3ABD078F2BD01870004E4FCC /* ProductsService.swift */ = {isa = PBXFileReference; lastKnownFileType = sourcecode.swift; path = ProductsService.swift; sourceTree = "<group>"; };
		3ABD07912BD01B35004E4FCC /* SuggestedProductsService.swift */ = {isa = PBXFileReference; lastKnownFileType = sourcecode.swift; path = SuggestedProductsService.swift; sourceTree = "<group>"; };
		3ABD07932BD01B77004E4FCC /* SuggestedProductsEndpoint.swift */ = {isa = PBXFileReference; lastKnownFileType = sourcecode.swift; path = SuggestedProductsEndpoint.swift; sourceTree = "<group>"; };
/* End PBXFileReference section */

/* Begin PBXFrameworksBuildPhase section */
		3A97553B2BCD448F00C510EB /* Frameworks */ = {
			isa = PBXFrameworksBuildPhase;
			buildActionMask = 2147483647;
			files = (
			);
			runOnlyForDeploymentPostprocessing = 0;
		};
/* End PBXFrameworksBuildPhase section */

/* Begin PBXGroup section */
		3A9755352BCD448F00C510EB = {
			isa = PBXGroup;
			children = (
				3A9755402BCD448F00C510EB /* GetirShoppingApp */,
				3A97553F2BCD448F00C510EB /* Products */,
			);
			sourceTree = "<group>";
		};
		3A97553F2BCD448F00C510EB /* Products */ = {
			isa = PBXGroup;
			children = (
				3A97553E2BCD448F00C510EB /* GetirShoppingApp.app */,
			);
			name = Products;
			sourceTree = "<group>";
		};
		3A9755402BCD448F00C510EB /* GetirShoppingApp */ = {
			isa = PBXGroup;
			children = (
				3A9755582BCD4D6E00C510EB /* Network */,
				3A9755572BCD4A7900C510EB /* Resources */,
				3A9755562BCD4A7200C510EB /* Modules */,
				3A9755552BCD4A5300C510EB /* App */,
				3A97554C2BCD449000C510EB /* LaunchScreen.storyboard */,
				3A97554F2BCD449000C510EB /* Info.plist */,
			);
			path = GetirShoppingApp;
			sourceTree = "<group>";
		};
		3A9755552BCD4A5300C510EB /* App */ = {
			isa = PBXGroup;
			children = (
				3A9755412BCD448F00C510EB /* AppDelegate.swift */,
				3A9755432BCD448F00C510EB /* SceneDelegate.swift */,
			);
			path = App;
			sourceTree = "<group>";
		};
		3A9755562BCD4A7200C510EB /* Modules */ = {
			isa = PBXGroup;
			children = (
				3A9755592BCD53A500C510EB /* Product Listing */,
				3A97555A2BCD53FA00C510EB /* Product Detail */,
				3A97555B2BCD540900C510EB /* Shopping Cart */,
			);
			path = Modules;
			sourceTree = "<group>";
		};
		3A9755572BCD4A7900C510EB /* Resources */ = {
			isa = PBXGroup;
			children = (
				3ABC47E72BCEA07B00848D9B /* Extensions */,
				3A97554A2BCD449000C510EB /* Assets.xcassets */,
				3ABC47EC2BCEAD1800848D9B /* OpenSans-Bold.ttf */,
			);
			path = Resources;
			sourceTree = "<group>";
		};
		3A9755582BCD4D6E00C510EB /* Network */ = {
			isa = PBXGroup;
			children = (
				3ABD07852BD014FB004E4FCC /* Configuration */,
				3ABD076A2BD011E3004E4FCC /* Entities */,
				3ABD07742BD012DC004E4FCC /* Base */,
				3ABD077F2BD013D4004E4FCC /* URLBuilder */,
				3ABD07822BD01445004E4FCC /* Endpoints */,
				3ABD078A2BD01754004E4FCC /* WebServices */,
			);
			path = Network;
			sourceTree = "<group>";
		};
		3A9755592BCD53A500C510EB /* Product Listing */ = {
			isa = PBXGroup;
			children = (
				3ABC47D92BCE9A9700848D9B /* ProductListingViewController.swift */,
				3ABC47DF2BCE9CE600848D9B /* ProductListingPresenter.swift */,
				3ABC47E12BCE9D0F00848D9B /* ProductListingInteractor.swift */,
				3ABC47E32BCE9D2100848D9B /* ProductListingEntity.swift */,
				3ABC47E52BCE9D2800848D9B /* ProductListingRouter.swift */,
			);
			path = "Product Listing";
			sourceTree = "<group>";
		};
		3A97555A2BCD53FA00C510EB /* Product Detail */ = {
			isa = PBXGroup;
			children = (
				3ABC47DB2BCE9AA300848D9B /* ProductDetailViewController.swift */,
			);
			path = "Product Detail";
			sourceTree = "<group>";
		};
		3A97555B2BCD540900C510EB /* Shopping Cart */ = {
			isa = PBXGroup;
			children = (
				3ABC47DD2BCE9AAA00848D9B /* ShoppingCartViewController.swift */,
			);
			path = "Shopping Cart";
			sourceTree = "<group>";
		};
		3ABC47E72BCEA07B00848D9B /* Extensions */ = {
			isa = PBXGroup;
			children = (
				3ABC47E82BCEA0E100848D9B /* UIColor+Extension.swift */,
				3ABC47EA2BCEAC3400848D9B /* UIFont+Extension.swift */,
			);
			path = Extensions;
			sourceTree = "<group>";
		};
		3ABD076A2BD011E3004E4FCC /* Entities */ = {
			isa = PBXGroup;
			children = (
				3ABD076B2BD011ED004E4FCC /* HTTPStatus.swift */,
				3ABD076D2BD0120A004E4FCC /* RequestObject.swift */,
				3ABD076F2BD0121C004E4FCC /* ErrorResponse.swift */,
				3ABD07712BD01284004E4FCC /* GetirError.swift */,
			);
			path = Entities;
			sourceTree = "<group>";
		};
		3ABD07742BD012DC004E4FCC /* Base */ = {
			isa = PBXGroup;
			children = (
				3ABD07772BD01302004E4FCC /* NetworkLoader.swift */,
				3ABD07792BD01334004E4FCC /* URLSessionProtocol.swift */,
				3ABD077B2BD01344004E4FCC /* NetworkLoaderProvider.swift */,
				3ABD077D2BD01356004E4FCC /* BaseServiceProtocol.swift */,
			);
			path = Base;
			sourceTree = "<group>";
		};
		3ABD077F2BD013D4004E4FCC /* URLBuilder */ = {
			isa = PBXGroup;
			children = (
				3ABD07802BD013F3004E4FCC /* TargetEndpointProtocol.swift */,
			);
			path = URLBuilder;
			sourceTree = "<group>";
		};
		3ABD07822BD01445004E4FCC /* Endpoints */ = {
			isa = PBXGroup;
			children = (
				3ABD07832BD01458004E4FCC /* BaseEndpoint.swift */,
				3ABD078D2BD01851004E4FCC /* ProductsEndpoint.swift */,
				3ABD07932BD01B77004E4FCC /* SuggestedProductsEndpoint.swift */,
			);
			path = Endpoints;
			sourceTree = "<group>";
		};
		3ABD07852BD014FB004E4FCC /* Configuration */ = {
			isa = PBXGroup;
			children = (
				3ABD07862BD0150A004E4FCC /* Configuration.swift */,
			);
			path = Configuration;
			sourceTree = "<group>";
		};
		3ABD078A2BD01754004E4FCC /* WebServices */ = {
			isa = PBXGroup;
			children = (
				3ABD078F2BD01870004E4FCC /* ProductsService.swift */,
				3ABD07912BD01B35004E4FCC /* SuggestedProductsService.swift */,
			);
			path = WebServices;
			sourceTree = "<group>";
		};
/* End PBXGroup section */

/* Begin PBXNativeTarget section */
		3A97553D2BCD448F00C510EB /* GetirShoppingApp */ = {
			isa = PBXNativeTarget;
			buildConfigurationList = 3A9755522BCD449000C510EB /* Build configuration list for PBXNativeTarget "GetirShoppingApp" */;
			buildPhases = (
				3A97553A2BCD448F00C510EB /* Sources */,
				3A97553B2BCD448F00C510EB /* Frameworks */,
				3A97553C2BCD448F00C510EB /* Resources */,
			);
			buildRules = (
			);
			dependencies = (
			);
			name = GetirShoppingApp;
			productName = GetirShoppingApp;
			productReference = 3A97553E2BCD448F00C510EB /* GetirShoppingApp.app */;
			productType = "com.apple.product-type.application";
		};
/* End PBXNativeTarget section */

/* Begin PBXProject section */
		3A9755362BCD448F00C510EB /* Project object */ = {
			isa = PBXProject;
			attributes = {
				BuildIndependentTargetsInParallel = 1;
				LastSwiftUpdateCheck = 1530;
				LastUpgradeCheck = 1530;
				TargetAttributes = {
					3A97553D2BCD448F00C510EB = {
						CreatedOnToolsVersion = 15.3;
					};
				};
			};
			buildConfigurationList = 3A9755392BCD448F00C510EB /* Build configuration list for PBXProject "GetirShoppingApp" */;
			compatibilityVersion = "Xcode 14.0";
			developmentRegion = en;
			hasScannedForEncodings = 0;
			knownRegions = (
				en,
				Base,
			);
			mainGroup = 3A9755352BCD448F00C510EB;
			productRefGroup = 3A97553F2BCD448F00C510EB /* Products */;
			projectDirPath = "";
			projectRoot = "";
			targets = (
				3A97553D2BCD448F00C510EB /* GetirShoppingApp */,
			);
		};
/* End PBXProject section */

/* Begin PBXResourcesBuildPhase section */
		3A97553C2BCD448F00C510EB /* Resources */ = {
			isa = PBXResourcesBuildPhase;
			buildActionMask = 2147483647;
			files = (
				3A97554B2BCD449000C510EB /* Assets.xcassets in Resources */,
				3A97554E2BCD449000C510EB /* Base in Resources */,
				3ABC47ED2BCEAD1800848D9B /* OpenSans-Bold.ttf in Resources */,
			);
			runOnlyForDeploymentPostprocessing = 0;
		};
/* End PBXResourcesBuildPhase section */

/* Begin PBXSourcesBuildPhase section */
		3A97553A2BCD448F00C510EB /* Sources */ = {
			isa = PBXSourcesBuildPhase;
			buildActionMask = 2147483647;
			files = (
				3A9755422BCD448F00C510EB /* AppDelegate.swift in Sources */,
				3ABD07842BD01458004E4FCC /* BaseEndpoint.swift in Sources */,
				3ABC47DE2BCE9AAA00848D9B /* ShoppingCartViewController.swift in Sources */,
				3ABD077C2BD01344004E4FCC /* NetworkLoaderProvider.swift in Sources */,
				3ABC47DC2BCE9AA300848D9B /* ProductDetailViewController.swift in Sources */,
				3ABD07902BD01870004E4FCC /* ProductsService.swift in Sources */,
				3ABC47E02BCE9CE600848D9B /* ProductListingPresenter.swift in Sources */,
				3ABD07812BD013F3004E4FCC /* TargetEndpointProtocol.swift in Sources */,
				3ABD07942BD01B77004E4FCC /* SuggestedProductsEndpoint.swift in Sources */,
				3ABC47E62BCE9D2800848D9B /* ProductListingRouter.swift in Sources */,
				3ABC47E22BCE9D0F00848D9B /* ProductListingInteractor.swift in Sources */,
				3ABD078E2BD01851004E4FCC /* ProductsEndpoint.swift in Sources */,
				3ABC47E42BCE9D2100848D9B /* ProductListingEntity.swift in Sources */,
				3ABD07872BD0150A004E4FCC /* Configuration.swift in Sources */,
				3A9755442BCD448F00C510EB /* SceneDelegate.swift in Sources */,
				3ABD077A2BD01334004E4FCC /* URLSessionProtocol.swift in Sources */,
				3ABC47DA2BCE9A9700848D9B /* ProductListingViewController.swift in Sources */,
				3ABD07722BD01284004E4FCC /* GetirError.swift in Sources */,
				3ABD076E2BD0120A004E4FCC /* RequestObject.swift in Sources */,
				3ABC47E92BCEA0E100848D9B /* UIColor+Extension.swift in Sources */,
				3ABD07922BD01B35004E4FCC /* SuggestedProductsService.swift in Sources */,
				3ABC47EB2BCEAC3400848D9B /* UIFont+Extension.swift in Sources */,
				3ABD076C2BD011ED004E4FCC /* HTTPStatus.swift in Sources */,
				3ABD07702BD0121C004E4FCC /* ErrorResponse.swift in Sources */,
				3ABD07782BD01302004E4FCC /* NetworkLoader.swift in Sources */,
				3ABD077E2BD01356004E4FCC /* BaseServiceProtocol.swift in Sources */,
			);
			runOnlyForDeploymentPostprocessing = 0;
		};
/* End PBXSourcesBuildPhase section */

/* Begin PBXVariantGroup section */
		3A97554C2BCD449000C510EB /* LaunchScreen.storyboard */ = {
			isa = PBXVariantGroup;
			children = (
				3A97554D2BCD449000C510EB /* Base */,
			);
			name = LaunchScreen.storyboard;
			sourceTree = "<group>";
		};
/* End PBXVariantGroup section */

/* Begin XCBuildConfiguration section */
		3A9755502BCD449000C510EB /* Debug */ = {
			isa = XCBuildConfiguration;
			buildSettings = {
				ALWAYS_SEARCH_USER_PATHS = NO;
				ASSETCATALOG_COMPILER_GENERATE_SWIFT_ASSET_SYMBOL_EXTENSIONS = YES;
				CLANG_ANALYZER_NONNULL = YES;
				CLANG_ANALYZER_NUMBER_OBJECT_CONVERSION = YES_AGGRESSIVE;
				CLANG_CXX_LANGUAGE_STANDARD = "gnu++20";
				CLANG_ENABLE_MODULES = YES;
				CLANG_ENABLE_OBJC_ARC = YES;
				CLANG_ENABLE_OBJC_WEAK = YES;
				CLANG_WARN_BLOCK_CAPTURE_AUTORELEASING = YES;
				CLANG_WARN_BOOL_CONVERSION = YES;
				CLANG_WARN_COMMA = YES;
				CLANG_WARN_CONSTANT_CONVERSION = YES;
				CLANG_WARN_DEPRECATED_OBJC_IMPLEMENTATIONS = YES;
				CLANG_WARN_DIRECT_OBJC_ISA_USAGE = YES_ERROR;
				CLANG_WARN_DOCUMENTATION_COMMENTS = YES;
				CLANG_WARN_EMPTY_BODY = YES;
				CLANG_WARN_ENUM_CONVERSION = YES;
				CLANG_WARN_INFINITE_RECURSION = YES;
				CLANG_WARN_INT_CONVERSION = YES;
				CLANG_WARN_NON_LITERAL_NULL_CONVERSION = YES;
				CLANG_WARN_OBJC_IMPLICIT_RETAIN_SELF = YES;
				CLANG_WARN_OBJC_LITERAL_CONVERSION = YES;
				CLANG_WARN_OBJC_ROOT_CLASS = YES_ERROR;
				CLANG_WARN_QUOTED_INCLUDE_IN_FRAMEWORK_HEADER = YES;
				CLANG_WARN_RANGE_LOOP_ANALYSIS = YES;
				CLANG_WARN_STRICT_PROTOTYPES = YES;
				CLANG_WARN_SUSPICIOUS_MOVE = YES;
				CLANG_WARN_UNGUARDED_AVAILABILITY = YES_AGGRESSIVE;
				CLANG_WARN_UNREACHABLE_CODE = YES;
				CLANG_WARN__DUPLICATE_METHOD_MATCH = YES;
				COPY_PHASE_STRIP = NO;
				DEBUG_INFORMATION_FORMAT = dwarf;
				ENABLE_STRICT_OBJC_MSGSEND = YES;
				ENABLE_TESTABILITY = YES;
				ENABLE_USER_SCRIPT_SANDBOXING = YES;
				GCC_C_LANGUAGE_STANDARD = gnu17;
				GCC_DYNAMIC_NO_PIC = NO;
				GCC_NO_COMMON_BLOCKS = YES;
				GCC_OPTIMIZATION_LEVEL = 0;
				GCC_PREPROCESSOR_DEFINITIONS = (
					"DEBUG=1",
					"$(inherited)",
				);
				GCC_WARN_64_TO_32_BIT_CONVERSION = YES;
				GCC_WARN_ABOUT_RETURN_TYPE = YES_ERROR;
				GCC_WARN_UNDECLARED_SELECTOR = YES;
				GCC_WARN_UNINITIALIZED_AUTOS = YES_AGGRESSIVE;
				GCC_WARN_UNUSED_FUNCTION = YES;
				GCC_WARN_UNUSED_VARIABLE = YES;
				IPHONEOS_DEPLOYMENT_TARGET = 17.4;
				LOCALIZATION_PREFERS_STRING_CATALOGS = YES;
				MTL_ENABLE_DEBUG_INFO = INCLUDE_SOURCE;
				MTL_FAST_MATH = YES;
				ONLY_ACTIVE_ARCH = YES;
				SDKROOT = iphoneos;
				SWIFT_ACTIVE_COMPILATION_CONDITIONS = "DEBUG $(inherited)";
				SWIFT_OPTIMIZATION_LEVEL = "-Onone";
			};
			name = Debug;
		};
		3A9755512BCD449000C510EB /* Release */ = {
			isa = XCBuildConfiguration;
			buildSettings = {
				ALWAYS_SEARCH_USER_PATHS = NO;
				ASSETCATALOG_COMPILER_GENERATE_SWIFT_ASSET_SYMBOL_EXTENSIONS = YES;
				CLANG_ANALYZER_NONNULL = YES;
				CLANG_ANALYZER_NUMBER_OBJECT_CONVERSION = YES_AGGRESSIVE;
				CLANG_CXX_LANGUAGE_STANDARD = "gnu++20";
				CLANG_ENABLE_MODULES = YES;
				CLANG_ENABLE_OBJC_ARC = YES;
				CLANG_ENABLE_OBJC_WEAK = YES;
				CLANG_WARN_BLOCK_CAPTURE_AUTORELEASING = YES;
				CLANG_WARN_BOOL_CONVERSION = YES;
				CLANG_WARN_COMMA = YES;
				CLANG_WARN_CONSTANT_CONVERSION = YES;
				CLANG_WARN_DEPRECATED_OBJC_IMPLEMENTATIONS = YES;
				CLANG_WARN_DIRECT_OBJC_ISA_USAGE = YES_ERROR;
				CLANG_WARN_DOCUMENTATION_COMMENTS = YES;
				CLANG_WARN_EMPTY_BODY = YES;
				CLANG_WARN_ENUM_CONVERSION = YES;
				CLANG_WARN_INFINITE_RECURSION = YES;
				CLANG_WARN_INT_CONVERSION = YES;
				CLANG_WARN_NON_LITERAL_NULL_CONVERSION = YES;
				CLANG_WARN_OBJC_IMPLICIT_RETAIN_SELF = YES;
				CLANG_WARN_OBJC_LITERAL_CONVERSION = YES;
				CLANG_WARN_OBJC_ROOT_CLASS = YES_ERROR;
				CLANG_WARN_QUOTED_INCLUDE_IN_FRAMEWORK_HEADER = YES;
				CLANG_WARN_RANGE_LOOP_ANALYSIS = YES;
				CLANG_WARN_STRICT_PROTOTYPES = YES;
				CLANG_WARN_SUSPICIOUS_MOVE = YES;
				CLANG_WARN_UNGUARDED_AVAILABILITY = YES_AGGRESSIVE;
				CLANG_WARN_UNREACHABLE_CODE = YES;
				CLANG_WARN__DUPLICATE_METHOD_MATCH = YES;
				COPY_PHASE_STRIP = NO;
				DEBUG_INFORMATION_FORMAT = "dwarf-with-dsym";
				ENABLE_NS_ASSERTIONS = NO;
				ENABLE_STRICT_OBJC_MSGSEND = YES;
				ENABLE_USER_SCRIPT_SANDBOXING = YES;
				GCC_C_LANGUAGE_STANDARD = gnu17;
				GCC_NO_COMMON_BLOCKS = YES;
				GCC_WARN_64_TO_32_BIT_CONVERSION = YES;
				GCC_WARN_ABOUT_RETURN_TYPE = YES_ERROR;
				GCC_WARN_UNDECLARED_SELECTOR = YES;
				GCC_WARN_UNINITIALIZED_AUTOS = YES_AGGRESSIVE;
				GCC_WARN_UNUSED_FUNCTION = YES;
				GCC_WARN_UNUSED_VARIABLE = YES;
				IPHONEOS_DEPLOYMENT_TARGET = 17.4;
				LOCALIZATION_PREFERS_STRING_CATALOGS = YES;
				MTL_ENABLE_DEBUG_INFO = NO;
				MTL_FAST_MATH = YES;
				SDKROOT = iphoneos;
				SWIFT_COMPILATION_MODE = wholemodule;
				VALIDATE_PRODUCT = YES;
			};
			name = Release;
		};
		3A9755532BCD449000C510EB /* Debug */ = {
			isa = XCBuildConfiguration;
			buildSettings = {
				ASSETCATALOG_COMPILER_APPICON_NAME = AppIcon;
				ASSETCATALOG_COMPILER_GLOBAL_ACCENT_COLOR_NAME = AccentColor;
				CODE_SIGN_STYLE = Automatic;
				CURRENT_PROJECT_VERSION = 1;
				DEVELOPMENT_TEAM = 6GB2DUG9QB;
				GENERATE_INFOPLIST_FILE = YES;
				INFOPLIST_FILE = GetirShoppingApp/Info.plist;
				INFOPLIST_KEY_UIApplicationSupportsIndirectInputEvents = YES;
				INFOPLIST_KEY_UILaunchStoryboardName = LaunchScreen;
				INFOPLIST_KEY_UISupportedInterfaceOrientations = UIInterfaceOrientationPortrait;
				INFOPLIST_KEY_UISupportedInterfaceOrientations_iPad = "UIInterfaceOrientationLandscapeLeft UIInterfaceOrientationLandscapeRight UIInterfaceOrientationPortrait UIInterfaceOrientationPortraitUpsideDown";
				LD_RUNPATH_SEARCH_PATHS = (
					"$(inherited)",
					"@executable_path/Frameworks",
				);
				MARKETING_VERSION = 1.0;
				PRODUCT_BUNDLE_IDENTIFIER = me.ilgin.GetirShoppingApp;
				PRODUCT_NAME = "$(TARGET_NAME)";
				SUPPORTED_PLATFORMS = "iphoneos iphonesimulator";
				SUPPORTS_MACCATALYST = NO;
				SUPPORTS_MAC_DESIGNED_FOR_IPHONE_IPAD = NO;
				SUPPORTS_XR_DESIGNED_FOR_IPHONE_IPAD = NO;
				SWIFT_EMIT_LOC_STRINGS = YES;
				SWIFT_VERSION = 5.0;
				TARGETED_DEVICE_FAMILY = 1;
			};
			name = Debug;
		};
		3A9755542BCD449000C510EB /* Release */ = {
			isa = XCBuildConfiguration;
			buildSettings = {
				ASSETCATALOG_COMPILER_APPICON_NAME = AppIcon;
				ASSETCATALOG_COMPILER_GLOBAL_ACCENT_COLOR_NAME = AccentColor;
				CODE_SIGN_STYLE = Automatic;
				CURRENT_PROJECT_VERSION = 1;
				DEVELOPMENT_TEAM = 6GB2DUG9QB;
				GENERATE_INFOPLIST_FILE = YES;
				INFOPLIST_FILE = GetirShoppingApp/Info.plist;
				INFOPLIST_KEY_UIApplicationSupportsIndirectInputEvents = YES;
				INFOPLIST_KEY_UILaunchStoryboardName = LaunchScreen;
				INFOPLIST_KEY_UISupportedInterfaceOrientations = UIInterfaceOrientationPortrait;
				INFOPLIST_KEY_UISupportedInterfaceOrientations_iPad = "UIInterfaceOrientationLandscapeLeft UIInterfaceOrientationLandscapeRight UIInterfaceOrientationPortrait UIInterfaceOrientationPortraitUpsideDown";
				LD_RUNPATH_SEARCH_PATHS = (
					"$(inherited)",
					"@executable_path/Frameworks",
				);
				MARKETING_VERSION = 1.0;
				PRODUCT_BUNDLE_IDENTIFIER = me.ilgin.GetirShoppingApp;
				PRODUCT_NAME = "$(TARGET_NAME)";
				SUPPORTED_PLATFORMS = "iphoneos iphonesimulator";
				SUPPORTS_MACCATALYST = NO;
				SUPPORTS_MAC_DESIGNED_FOR_IPHONE_IPAD = NO;
				SUPPORTS_XR_DESIGNED_FOR_IPHONE_IPAD = NO;
				SWIFT_EMIT_LOC_STRINGS = YES;
				SWIFT_VERSION = 5.0;
				TARGETED_DEVICE_FAMILY = 1;
			};
			name = Release;
		};
/* End XCBuildConfiguration section */

/* Begin XCConfigurationList section */
		3A9755392BCD448F00C510EB /* Build configuration list for PBXProject "GetirShoppingApp" */ = {
			isa = XCConfigurationList;
			buildConfigurations = (
				3A9755502BCD449000C510EB /* Debug */,
				3A9755512BCD449000C510EB /* Release */,
			);
			defaultConfigurationIsVisible = 0;
			defaultConfigurationName = Release;
		};
		3A9755522BCD449000C510EB /* Build configuration list for PBXNativeTarget "GetirShoppingApp" */ = {
			isa = XCConfigurationList;
			buildConfigurations = (
				3A9755532BCD449000C510EB /* Debug */,
				3A9755542BCD449000C510EB /* Release */,
			);
			defaultConfigurationIsVisible = 0;
			defaultConfigurationName = Release;
		};
/* End XCConfigurationList section */
	};
	rootObject = 3A9755362BCD448F00C510EB /* Project object */;
}
